
Microsoft Visual Studio Solution File, Format Version 12.00
# Visual Studio Version 16
VisualStudioVersion = 16.0.30717.126
MinimumVisualStudioVersion = 10.0.40219.1
Project("{FAE04EC0-301F-11D3-BF4B-00C04F79EFBC}") = "CarRentalMgmt.Server", "CarRentalMgmt\Server\CarRentalMgmt.Server.csproj", "{3101AAE9-F926-4C23-8C89-AD744C0BB508}"
EndProject
Project("{FAE04EC0-301F-11D3-BF4B-00C04F79EFBC}") = "CarRentalMgmt.Client", "CarRentalMgmt\Client\CarRentalMgmt.Client.csproj", "{F317B62A-9447-4114-A075-D7A69C21D942}"
EndProject
Project("{FAE04EC0-301F-11D3-BF4B-00C04F79EFBC}") = "CarRentalMgmt.Shared", "CarRentalMgmt\Shared\CarRentalMgmt.Shared.csproj", "{3F44D9FD-9452-40D4-9BB1-AF98C1ACD73C}"
EndProject
Global
	GlobalSection(SolutionConfigurationPlatforms) = preSolution
		Debug|Any CPU = Debug|Any CPU
		Release|Any CPU = Release|Any CPU
	EndGlobalSection
	GlobalSection(ProjectConfigurationPlatforms) = postSolution
		{3101AAE9-F926-4C23-8C89-AD744C0BB508}.Debug|Any CPU.ActiveCfg = Debug|Any CPU
		{3101AAE9-F926-4C23-8C89-AD744C0BB508}.Debug|Any CPU.Build.0 = Debug|Any CPU
		{3101AAE9-F926-4C23-8C89-AD744C0BB508}.Release|Any CPU.ActiveCfg = Release|Any CPU
		{3101AAE9-F926-4C23-8C89-AD744C0BB508}.Release|Any CPU.Build.0 = Release|Any CPU
		{F317B62A-9447-4114-A075-D7A69C21D942}.Debug|Any CPU.ActiveCfg = Debug|Any CPU
		{F317B62A-9447-4114-A075-D7A69C21D942}.Debug|Any CPU.Build.0 = Debug|Any CPU
		{F317B62A-9447-4114-A075-D7A69C21D942}.Release|Any CPU.ActiveCfg = Release|Any CPU
		{F317B62A-9447-4114-A075-D7A69C21D942}.Release|Any CPU.Build.0 = Release|Any CPU
		{3F44D9FD-9452-40D4-9BB1-AF98C1ACD73C}.Debug|Any CPU.ActiveCfg = Debug|Any CPU
		{3F44D9FD-9452-40D4-9BB1-AF98C1ACD73C}.Debug|Any CPU.Build.0 = Debug|Any CPU
		{3F44D9FD-9452-40D4-9BB1-AF98C1ACD73C}.Release|Any CPU.ActiveCfg = Release|Any CPU
		{3F44D9FD-9452-40D4-9BB1-AF98C1ACD73C}.Release|Any CPU.Build.0 = Release|Any CPU
	EndGlobalSection
	GlobalSection(SolutionProperties) = preSolution
		HideSolutionNode = FALSE
	EndGlobalSection
	GlobalSection(ExtensibilityGlobals) = postSolution
		SolutionGuid = {071D9EBC-5BD1-4541-9745-8123FD5BD047}
	EndGlobalSection
EndGlobal
